<?xml version="1.0" encoding="utf-8"?>
<Project ToolsVersion="4.0" xmlns="http://schemas.microsoft.com/developer/msbuild/2003">
  <ItemGroup>
    <Filter Include="Theta">
      <UniqueIdentifier>{DBCE290E-47E3-51BF-1065-F51E7C384EF0}</UniqueIdentifier>
    </Filter>
  </ItemGroup>
  <ItemGroup>
    <ClInclude Include="src\Theta.h" />
    <ClInclude Include="src\Theta\Application.h">
      <Filter>Theta</Filter>
    </ClInclude>
    <ClInclude Include="src\Theta\Core.h">
      <Filter>Theta</Filter>
    </ClInclude>
    <ClInclude Include="src\Theta\EntryPoint.h">
      <Filter>Theta</Filter>
    </ClInclude>
    <ClInclude Include="src\Theta\Log.h">
      <Filter>Theta</Filter>
    </ClInclude>
    <ClInclude Include="src\Theta\Events\Event.h" />
    <ClInclude Include="src\Theta\Events\AppllicationEvent.h" />
  </ItemGroup>
  <ItemGroup>
    <ClCompile Include="src\Theta\Application.cpp">
      <Filter>Theta</Filter>
    </ClCompile>
    <ClCompile Include="src\Theta\Log.cpp">
      <Filter>Theta</Filter>
    </ClCompile>
  </ItemGroup>
</Project>