<?xml version="1.0" encoding="utf-8"?>
<Project ToolsVersion="4.0" xmlns="http://schemas.microsoft.com/developer/msbuild/2003">
  <ItemGroup>
    <Filter Include="Theta">
      <UniqueIdentifier>{DBCE290E-47E3-51BF-1065-F51E7C384EF0}</UniqueIdentifier>
    </Filter>
    <Filter Include="Theta\Events">
      <UniqueIdentifier>{5FD61C47-4B39-ACEB-F4BE-E4A1E000786E}</UniqueIdentifier>
    </Filter>
    <Filter Include="Theta\Platforms">
      <UniqueIdentifier>{E2230857-4EAF-751B-57C0-F80FC3CAD11B}</UniqueIdentifier>
    </Filter>
    <Filter Include="Theta\Platforms\Windows">
      <UniqueIdentifier>{1C90643E-88C7-ACD5-91D1-10F9FD87D3CE}</UniqueIdentifier>
    </Filter>
  </ItemGroup>
  <ItemGroup>
    <ClInclude Include="src\Theta.h" />
    <ClInclude Include="src\Theta\Application.h">
      <Filter>Theta</Filter>
    </ClInclude>
    <ClInclude Include="src\Theta\Core.h">
      <Filter>Theta</Filter>
    </ClInclude>
    <ClInclude Include="src\Theta\EntryPoint.h">
      <Filter>Theta</Filter>
    </ClInclude>
    <ClInclude Include="src\Theta\Events\AppllicationEvent.h">
      <Filter>Theta\Events</Filter>
    </ClInclude>
    <ClInclude Include="src\Theta\Events\Event.h">
      <Filter>Theta\Events</Filter>
    </ClInclude>
    <ClInclude Include="src\Theta\Events\KeyEvent.h">
      <Filter>Theta\Events</Filter>
    </ClInclude>
    <ClInclude Include="src\Theta\Events\MouseEvent.h">
      <Filter>Theta\Events</Filter>
    </ClInclude>
    <ClInclude Include="src\Theta\Log.h">
      <Filter>Theta</Filter>
    </ClInclude>
    <ClInclude Include="src\Theta\Platforms\Windows\WindowsWindow.h">
      <Filter>Theta\Platforms\Windows</Filter>
    </ClInclude>
    <ClInclude Include="src\Theta\Window.h">
      <Filter>Theta</Filter>
    </ClInclude>
    <ClInclude Include="src\thpch.h" />
  </ItemGroup>
  <ItemGroup>
    <ClCompile Include="src\Theta\Application.cpp">
      <Filter>Theta</Filter>
    </ClCompile>
    <ClCompile Include="src\Theta\Log.cpp">
      <Filter>Theta</Filter>
    </ClCompile>
    <ClCompile Include="src\Theta\Platforms\Windows\WindowsWindow.cpp">
      <Filter>Theta\Platforms\Windows</Filter>
    </ClCompile>
    <ClCompile Include="src\thpch.cpp" />
  </ItemGroup>
</Project>